
Microsoft Visual Studio Solution File, Format Version 12.00
# Visual Studio Version 17
VisualStudioVersion = 17.1.32319.34
MinimumVisualStudioVersion = 10.0.40219.1
Project("{9A19103F-16F7-4668-BE54-9A1E7A4F7556}") = "Ecommerce.API", "Ecommerce.API\Ecommerce.API.csproj", "{87CAAB6C-D3ED-4FE1-ABA9-53B9A9F32122}"
EndProject
Project("{FAE04EC0-301F-11D3-BF4B-00C04F79EFBC}") = "Ecommerce.Core", "..\Ecommerce.Core\Ecommerce.Core.csproj", "{F9E96D01-F790-4B1B-990A-53792FA1FB2B}"
EndProject
Project("{FAE04EC0-301F-11D3-BF4B-00C04F79EFBC}") = "Ecommerce.Infrastructure", "..\Ecommerce.Infrastructure\Ecommerce.Infrastructure.csproj", "{D63BDAC2-362B-4B4A-8941-48E02012722C}"
EndProject
Global
	GlobalSection(SolutionConfigurationPlatforms) = preSolution
		Debug|Any CPU = Debug|Any CPU
		Release|Any CPU = Release|Any CPU
	EndGlobalSection
	GlobalSection(ProjectConfigurationPlatforms) = postSolution
		{87CAAB6C-D3ED-4FE1-ABA9-53B9A9F32122}.Debug|Any CPU.ActiveCfg = Debug|Any CPU
		{87CAAB6C-D3ED-4FE1-ABA9-53B9A9F32122}.Debug|Any CPU.Build.0 = Debug|Any CPU
		{87CAAB6C-D3ED-4FE1-ABA9-53B9A9F32122}.Release|Any CPU.ActiveCfg = Release|Any CPU
		{87CAAB6C-D3ED-4FE1-ABA9-53B9A9F32122}.Release|Any CPU.Build.0 = Release|Any CPU
		{F9E96D01-F790-4B1B-990A-53792FA1FB2B}.Debug|Any CPU.ActiveCfg = Debug|Any CPU
		{F9E96D01-F790-4B1B-990A-53792FA1FB2B}.Debug|Any CPU.Build.0 = Debug|Any CPU
		{F9E96D01-F790-4B1B-990A-53792FA1FB2B}.Release|Any CPU.ActiveCfg = Release|Any CPU
		{F9E96D01-F790-4B1B-990A-53792FA1FB2B}.Release|Any CPU.Build.0 = Release|Any CPU
		{D63BDAC2-362B-4B4A-8941-48E02012722C}.Debug|Any CPU.ActiveCfg = Debug|Any CPU
		{D63BDAC2-362B-4B4A-8941-48E02012722C}.Debug|Any CPU.Build.0 = Debug|Any CPU
		{D63BDAC2-362B-4B4A-8941-48E02012722C}.Release|Any CPU.ActiveCfg = Release|Any CPU
		{D63BDAC2-362B-4B4A-8941-48E02012722C}.Release|Any CPU.Build.0 = Release|Any CPU
	EndGlobalSection
	GlobalSection(SolutionProperties) = preSolution
		HideSolutionNode = FALSE
	EndGlobalSection
	GlobalSection(ExtensibilityGlobals) = postSolution
		SolutionGuid = {5749FA08-6801-4478-99A1-2A5FCFE2B4DB}
	EndGlobalSection
EndGlobal
